
Microsoft Visual Studio Solution File, Format Version 12.00
# Visual Studio Version 17
VisualStudioVersion = 17.7.34031.279
MinimumVisualStudioVersion = 10.0.40219.1
Project("{8BC9CEB8-8B4A-11D0-8D11-00A0C91BC942}") = "nelder-mead-cpp", "nelder-mead-cpp.vcxproj", "{FE5929BC-C615-471B-B952-5E3E65D2CAC8}"
EndProject
Global
	GlobalSection(SolutionConfigurationPlatforms) = preSolution
		Debug|x64 = Debug|x64
		Debug|x86 = Debug|x86
		Release|x64 = Release|x64
		Release|x86 = Release|x86
	EndGlobalSection
	GlobalSection(ProjectConfigurationPlatforms) = postSolution
		{FE5929BC-C615-471B-B952-5E3E65D2CAC8}.Debug|x64.ActiveCfg = Debug|x64
		{FE5929BC-C615-471B-B952-5E3E65D2CAC8}.Debug|x64.Build.0 = Debug|x64
		{FE5929BC-C615-471B-B952-5E3E65D2CAC8}.Debug|x86.ActiveCfg = Debug|Win32
		{FE5929BC-C615-471B-B952-5E3E65D2CAC8}.Debug|x86.Build.0 = Debug|Win32
		{FE5929BC-C615-471B-B952-5E3E65D2CAC8}.Release|x64.ActiveCfg = Release|x64
		{FE5929BC-C615-471B-B952-5E3E65D2CAC8}.Release|x64.Build.0 = Release|x64
		{FE5929BC-C615-471B-B952-5E3E65D2CAC8}.Release|x86.ActiveCfg = Release|Win32
		{FE5929BC-C615-471B-B952-5E3E65D2CAC8}.Release|x86.Build.0 = Release|Win32
	EndGlobalSection
	GlobalSection(SolutionProperties) = preSolution
		HideSolutionNode = FALSE
	EndGlobalSection
	GlobalSection(ExtensibilityGlobals) = postSolution
		SolutionGuid = {FADDAF60-E3B6-47A4-8B52-C54AAC8C1795}
	EndGlobalSection
EndGlobal
